// !$*UTF8*$!
{
	archiveVersion = 1;
	classes = {
	};
	objectVersion = 46;
	objects = {

/* Begin PBXBuildFile section */
		24D457FC204D958300E27BC5 /* EventModel.swift in Sources */ = {isa = PBXBuildFile; fileRef = 24D457FB204D958300E27BC5 /* EventModel.swift */; };
		24D457FF204D959900E27BC5 /* ListEventModel.swift in Sources */ = {isa = PBXBuildFile; fileRef = 24D457FE204D959900E27BC5 /* ListEventModel.swift */; };
		24D45805204DA7A700E27BC5 /* ListDoctorModel.swift in Sources */ = {isa = PBXBuildFile; fileRef = 24D45804204DA7A700E27BC5 /* ListDoctorModel.swift */; };
		24D45808204DAA9D00E27BC5 /* DosesModel.swift in Sources */ = {isa = PBXBuildFile; fileRef = 24D45807204DAA9D00E27BC5 /* DosesModel.swift */; };
		24D4580E204DB02200E27BC5 /* ListMedModel.swift in Sources */ = {isa = PBXBuildFile; fileRef = 24D4580D204DB02200E27BC5 /* ListMedModel.swift */; };
		24D45817204DB4DE00E27BC5 /* ListRDVModel.swift in Sources */ = {isa = PBXBuildFile; fileRef = 24D45816204DB4DE00E27BC5 /* ListRDVModel.swift */; };
		24D4581D204DB9C400E27BC5 /* ListActivityModel.swift in Sources */ = {isa = PBXBuildFile; fileRef = 24D4581C204DB9C400E27BC5 /* ListActivityModel.swift */; };
		8F385E7020468C3300F29058 /* EditPriseViewController.swift in Sources */ = {isa = PBXBuildFile; fileRef = 8F385E6F20468C3300F29058 /* EditPriseViewController.swift */; };
		8F385E7320468F6A00F29058 /* DiaryViewController.swift in Sources */ = {isa = PBXBuildFile; fileRef = 8F385E7220468F6A00F29058 /* DiaryViewController.swift */; };
		8F385E762046910100F29058 /* MedecinMenuViewController.swift in Sources */ = {isa = PBXBuildFile; fileRef = 8F385E752046910100F29058 /* MedecinMenuViewController.swift */; };
		8F385E792046926100F29058 /* RecapPatientViewController.swift in Sources */ = {isa = PBXBuildFile; fileRef = 8F385E782046926100F29058 /* RecapPatientViewController.swift */; };
		8F385E7C2046932500F29058 /* ParameterMedecinViewController.swift in Sources */ = {isa = PBXBuildFile; fileRef = 8F385E7B2046932500F29058 /* ParameterMedecinViewController.swift */; };
		8F385E7F2046956B00F29058 /* SportViewController.swift in Sources */ = {isa = PBXBuildFile; fileRef = 8F385E7E2046956B00F29058 /* SportViewController.swift */; };
		8F385E82204695DB00F29058 /* EditSportViewController.swift in Sources */ = {isa = PBXBuildFile; fileRef = 8F385E81204695DB00F29058 /* EditSportViewController.swift */; };
		8F385E85204695E700F29058 /* AddSportViewController.swift in Sources */ = {isa = PBXBuildFile; fileRef = 8F385E84204695E700F29058 /* AddSportViewController.swift */; };
		8F385E882046995900F29058 /* AddMedViewController.swift in Sources */ = {isa = PBXBuildFile; fileRef = 8F385E872046995900F29058 /* AddMedViewController.swift */; };
		8F52A54220590C6800FDF76D /* StateModel.swift in Sources */ = {isa = PBXBuildFile; fileRef = 8F52A54120590C6800FDF76D /* StateModel.swift */; };
		8F52A54520590CD600FDF76D /* DoctorModel.swift in Sources */ = {isa = PBXBuildFile; fileRef = 8F52A54420590CD600FDF76D /* DoctorModel.swift */; };
		8F52A5482059117100FDF76D /* MedModel.swift in Sources */ = {isa = PBXBuildFile; fileRef = 8F52A5472059117100FDF76D /* MedModel.swift */; };
		8F52A54B2059119E00FDF76D /* RDVModel.swift in Sources */ = {isa = PBXBuildFile; fileRef = 8F52A54A2059119E00FDF76D /* RDVModel.swift */; };
		8F52A54E205911C300FDF76D /* ActivityModel.swift in Sources */ = {isa = PBXBuildFile; fileRef = 8F52A54D205911C300FDF76D /* ActivityModel.swift */; };
		8F52A551205911E600FDF76D /* EmergencyNumberModel.swift in Sources */ = {isa = PBXBuildFile; fileRef = 8F52A550205911E600FDF76D /* EmergencyNumberModel.swift */; };
		8F52A5542059120F00FDF76D /* DrugIntakeModel.swift in Sources */ = {isa = PBXBuildFile; fileRef = 8F52A5532059120F00FDF76D /* DrugIntakeModel.swift */; };
		8F54C75B2056D4DC007F17AE /* StateTableViewCell.swift in Sources */ = {isa = PBXBuildFile; fileRef = 8F54C75A2056D4DC007F17AE /* StateTableViewCell.swift */; };
		8F7DB1572050556B007B62FA /* ListStateModel.swift in Sources */ = {isa = PBXBuildFile; fileRef = 8F7DB1562050556B007B62FA /* ListStateModel.swift */; };
		8F7DB1602050580D007B62FA /* ListEmergencyNumberModel.swift in Sources */ = {isa = PBXBuildFile; fileRef = 8F7DB15F2050580D007B62FA /* ListEmergencyNumberModel.swift */; };
		8F7DB16620505870007B62FA /* ListDrugIntakeModel.swift in Sources */ = {isa = PBXBuildFile; fileRef = 8F7DB16520505870007B62FA /* ListDrugIntakeModel.swift */; };
		8F90A8C3203C5C4700B74A0A /* AppDelegate.swift in Sources */ = {isa = PBXBuildFile; fileRef = 8F90A8C2203C5C4700B74A0A /* AppDelegate.swift */; };
		8F90A8C5203C5C4700B74A0A /* ViewController.swift in Sources */ = {isa = PBXBuildFile; fileRef = 8F90A8C4203C5C4700B74A0A /* ViewController.swift */; };
		8F90A8C8203C5C4700B74A0A /* Main.storyboard in Resources */ = {isa = PBXBuildFile; fileRef = 8F90A8C6203C5C4700B74A0A /* Main.storyboard */; };
		8F90A8CB203C5C4700B74A0A /* PKProject.xcdatamodeld in Sources */ = {isa = PBXBuildFile; fileRef = 8F90A8C9203C5C4700B74A0A /* PKProject.xcdatamodeld */; };
		8F90A8CD203C5C4700B74A0A /* Assets.xcassets in Resources */ = {isa = PBXBuildFile; fileRef = 8F90A8CC203C5C4700B74A0A /* Assets.xcassets */; };
		8F90A8D0203C5C4700B74A0A /* LaunchScreen.storyboard in Resources */ = {isa = PBXBuildFile; fileRef = 8F90A8CE203C5C4700B74A0A /* LaunchScreen.storyboard */; };
		8F90A8DB203C5C4700B74A0A /* PKProjectTests.swift in Sources */ = {isa = PBXBuildFile; fileRef = 8F90A8DA203C5C4700B74A0A /* PKProjectTests.swift */; };
		8F90A8E6203C5C4700B74A0A /* PKProjectUITests.swift in Sources */ = {isa = PBXBuildFile; fileRef = 8F90A8E5203C5C4700B74A0A /* PKProjectUITests.swift */; };
		8F90A8F9203C5ECF00B74A0A /* Main.storyboard in Resources */ = {isa = PBXBuildFile; fileRef = 8F90A8C6203C5C4700B74A0A /* Main.storyboard */; };
		8F90A8FB203C69C100B74A0A /* InformationsViewController.swift in Sources */ = {isa = PBXBuildFile; fileRef = 8F90A8FA203C69C100B74A0A /* InformationsViewController.swift */; };
		8F90A8FE203C74C100B74A0A /* MedecinsViewController.swift in Sources */ = {isa = PBXBuildFile; fileRef = 8F90A8FD203C74C100B74A0A /* MedecinsViewController.swift */; };
		8F90A901203C74ED00B74A0A /* EditMedecinsViewController.swift in Sources */ = {isa = PBXBuildFile; fileRef = 8F90A900203C74ED00B74A0A /* EditMedecinsViewController.swift */; };
		8F90A904203C754A00B74A0A /* AddMedecinViewController.swift in Sources */ = {isa = PBXBuildFile; fileRef = 8F90A903203C754A00B74A0A /* AddMedecinViewController.swift */; };
		8F90A907203C814400B74A0A /* EmergencyNumbersViewController.swift in Sources */ = {isa = PBXBuildFile; fileRef = 8F90A906203C814400B74A0A /* EmergencyNumbersViewController.swift */; };
		8F90A90A203C838400B74A0A /* AddEmergencyNumberViewController.swift in Sources */ = {isa = PBXBuildFile; fileRef = 8F90A909203C838400B74A0A /* AddEmergencyNumberViewController.swift */; };
		8F90A90D203C840A00B74A0A /* EditEmergencyNumberViewController.swift in Sources */ = {isa = PBXBuildFile; fileRef = 8F90A90C203C840A00B74A0A /* EditEmergencyNumberViewController.swift */; };
		8FC41A99205421DC00C3CC4F /* ListDosesModel.swift in Sources */ = {isa = PBXBuildFile; fileRef = 8FC41A98205421DC00C3CC4F /* ListDosesModel.swift */; };
		8FC480472040111400B9FD29 /* MedInfosViewController.swift in Sources */ = {isa = PBXBuildFile; fileRef = 8FC480462040111400B9FD29 /* MedInfosViewController.swift */; };
		8FC4804A2040121700B9FD29 /* EtatViewController.swift in Sources */ = {isa = PBXBuildFile; fileRef = 8FC480492040121700B9FD29 /* EtatViewController.swift */; };
		8FC4804D204014C600B9FD29 /* EventViewController.swift in Sources */ = {isa = PBXBuildFile; fileRef = 8FC4804C204014C600B9FD29 /* EventViewController.swift */; };
		8FC480502040185300B9FD29 /* PillsViewController.swift in Sources */ = {isa = PBXBuildFile; fileRef = 8FC4804F2040185300B9FD29 /* PillsViewController.swift */; };
		8FC48053204019D700B9FD29 /* EditPillsViewController.swift in Sources */ = {isa = PBXBuildFile; fileRef = 8FC48052204019D700B9FD29 /* EditPillsViewController.swift */; };
		8FC4805620401BEF00B9FD29 /* EditMedPillsViewController.swift in Sources */ = {isa = PBXBuildFile; fileRef = 8FC4805520401BEF00B9FD29 /* EditMedPillsViewController.swift */; };
		8FC4805920401FD300B9FD29 /* AddPillsViewController.swift in Sources */ = {isa = PBXBuildFile; fileRef = 8FC4805820401FD300B9FD29 /* AddPillsViewController.swift */; };
		8FC4805F204022FC00B9FD29 /* RDVMedViewController.swift in Sources */ = {isa = PBXBuildFile; fileRef = 8FC4805E204022FC00B9FD29 /* RDVMedViewController.swift */; };
		8FC480622040232500B9FD29 /* AddRDVMedViewController.swift in Sources */ = {isa = PBXBuildFile; fileRef = 8FC480612040232500B9FD29 /* AddRDVMedViewController.swift */; };
		8FC480652040253500B9FD29 /* EditRDVMedViewController.swift in Sources */ = {isa = PBXBuildFile; fileRef = 8FC480642040253500B9FD29 /* EditRDVMedViewController.swift */; };
		8FDA57A52059338400A29B77 /* CoreDataManager.swift in Sources */ = {isa = PBXBuildFile; fileRef = 8FDA57A42059338400A29B77 /* CoreDataManager.swift */; };
		8FDA57A7205933BF00A29B77 /* StateDAO.swift in Sources */ = {isa = PBXBuildFile; fileRef = 8FDA57A6205933BF00A29B77 /* StateDAO.swift */; };
		8FDA57A9205937B800A29B77 /* EventDAO.swift in Sources */ = {isa = PBXBuildFile; fileRef = 8FDA57A8205937B800A29B77 /* EventDAO.swift */; };
		8FDA57AB2059387200A29B77 /* DosesDAO.swift in Sources */ = {isa = PBXBuildFile; fileRef = 8FDA57AA2059387200A29B77 /* DosesDAO.swift */; };
		8FDA57AD20593AC900A29B77 /* PeriodicityModel.swift in Sources */ = {isa = PBXBuildFile; fileRef = 8FDA57AC20593AC900A29B77 /* PeriodicityModel.swift */; };
		8FDA57AF20593B2400A29B77 /* PeriodicityDAO.swift in Sources */ = {isa = PBXBuildFile; fileRef = 8FDA57AE20593B2400A29B77 /* PeriodicityDAO.swift */; };
		8FDA57B120593BAD00A29B77 /* ActivityDAO.swift in Sources */ = {isa = PBXBuildFile; fileRef = 8FDA57B020593BAD00A29B77 /* ActivityDAO.swift */; };
/* End PBXBuildFile section */

/* Begin PBXContainerItemProxy section */
		8F90A8D7203C5C4700B74A0A /* PBXContainerItemProxy */ = {
			isa = PBXContainerItemProxy;
			containerPortal = 8F90A8B7203C5C4700B74A0A /* Project object */;
			proxyType = 1;
			remoteGlobalIDString = 8F90A8BE203C5C4700B74A0A;
			remoteInfo = PKProject;
		};
		8F90A8E2203C5C4700B74A0A /* PBXContainerItemProxy */ = {
			isa = PBXContainerItemProxy;
			containerPortal = 8F90A8B7203C5C4700B74A0A /* Project object */;
			proxyType = 1;
			remoteGlobalIDString = 8F90A8BE203C5C4700B74A0A;
			remoteInfo = PKProject;
		};
/* End PBXContainerItemProxy section */

/* Begin PBXFileReference section */
		24D457FB204D958300E27BC5 /* EventModel.swift */ = {isa = PBXFileReference; fileEncoding = 4; lastKnownFileType = sourcecode.swift; path = EventModel.swift; sourceTree = "<group>"; };
		24D457FE204D959900E27BC5 /* ListEventModel.swift */ = {isa = PBXFileReference; fileEncoding = 4; lastKnownFileType = sourcecode.swift; path = ListEventModel.swift; sourceTree = "<group>"; };
		24D45804204DA7A700E27BC5 /* ListDoctorModel.swift */ = {isa = PBXFileReference; fileEncoding = 4; lastKnownFileType = sourcecode.swift; path = ListDoctorModel.swift; sourceTree = "<group>"; };
		24D45807204DAA9D00E27BC5 /* DosesModel.swift */ = {isa = PBXFileReference; fileEncoding = 4; lastKnownFileType = sourcecode.swift; path = DosesModel.swift; sourceTree = "<group>"; };
		24D4580D204DB02200E27BC5 /* ListMedModel.swift */ = {isa = PBXFileReference; fileEncoding = 4; lastKnownFileType = sourcecode.swift; path = ListMedModel.swift; sourceTree = "<group>"; };
		24D45816204DB4DE00E27BC5 /* ListRDVModel.swift */ = {isa = PBXFileReference; fileEncoding = 4; lastKnownFileType = sourcecode.swift; path = ListRDVModel.swift; sourceTree = "<group>"; };
		24D4581C204DB9C400E27BC5 /* ListActivityModel.swift */ = {isa = PBXFileReference; fileEncoding = 4; lastKnownFileType = sourcecode.swift; path = ListActivityModel.swift; sourceTree = "<group>"; };
		8F385E6F20468C3300F29058 /* EditPriseViewController.swift */ = {isa = PBXFileReference; fileEncoding = 4; lastKnownFileType = sourcecode.swift; name = EditPriseViewController.swift; path = Controler/EditPriseViewController.swift; sourceTree = "<group>"; };
		8F385E7220468F6A00F29058 /* DiaryViewController.swift */ = {isa = PBXFileReference; fileEncoding = 4; lastKnownFileType = sourcecode.swift; name = DiaryViewController.swift; path = Controler/DiaryViewController.swift; sourceTree = "<group>"; };
		8F385E752046910100F29058 /* MedecinMenuViewController.swift */ = {isa = PBXFileReference; fileEncoding = 4; lastKnownFileType = sourcecode.swift; name = MedecinMenuViewController.swift; path = Controler/MedecinMenuViewController.swift; sourceTree = "<group>"; };
		8F385E782046926100F29058 /* RecapPatientViewController.swift */ = {isa = PBXFileReference; fileEncoding = 4; lastKnownFileType = sourcecode.swift; name = RecapPatientViewController.swift; path = Controler/RecapPatientViewController.swift; sourceTree = "<group>"; };
		8F385E7B2046932500F29058 /* ParameterMedecinViewController.swift */ = {isa = PBXFileReference; fileEncoding = 4; lastKnownFileType = sourcecode.swift; name = ParameterMedecinViewController.swift; path = Controler/ParameterMedecinViewController.swift; sourceTree = "<group>"; };
		8F385E7E2046956B00F29058 /* SportViewController.swift */ = {isa = PBXFileReference; fileEncoding = 4; lastKnownFileType = sourcecode.swift; name = SportViewController.swift; path = Controler/SportViewController.swift; sourceTree = "<group>"; };
		8F385E81204695DB00F29058 /* EditSportViewController.swift */ = {isa = PBXFileReference; fileEncoding = 4; lastKnownFileType = sourcecode.swift; name = EditSportViewController.swift; path = Controler/EditSportViewController.swift; sourceTree = "<group>"; };
		8F385E84204695E700F29058 /* AddSportViewController.swift */ = {isa = PBXFileReference; fileEncoding = 4; lastKnownFileType = sourcecode.swift; name = AddSportViewController.swift; path = Controler/AddSportViewController.swift; sourceTree = "<group>"; };
		8F385E872046995900F29058 /* AddMedViewController.swift */ = {isa = PBXFileReference; fileEncoding = 4; lastKnownFileType = sourcecode.swift; name = AddMedViewController.swift; path = Controler/AddMedViewController.swift; sourceTree = "<group>"; };
		8F52A54120590C6800FDF76D /* StateModel.swift */ = {isa = PBXFileReference; fileEncoding = 4; lastKnownFileType = sourcecode.swift; path = StateModel.swift; sourceTree = "<group>"; };
		8F52A54420590CD600FDF76D /* DoctorModel.swift */ = {isa = PBXFileReference; fileEncoding = 4; lastKnownFileType = sourcecode.swift; path = DoctorModel.swift; sourceTree = "<group>"; };
		8F52A5472059117100FDF76D /* MedModel.swift */ = {isa = PBXFileReference; fileEncoding = 4; lastKnownFileType = sourcecode.swift; path = MedModel.swift; sourceTree = "<group>"; };
		8F52A54A2059119E00FDF76D /* RDVModel.swift */ = {isa = PBXFileReference; fileEncoding = 4; lastKnownFileType = sourcecode.swift; path = RDVModel.swift; sourceTree = "<group>"; };
		8F52A54D205911C300FDF76D /* ActivityModel.swift */ = {isa = PBXFileReference; fileEncoding = 4; lastKnownFileType = sourcecode.swift; path = ActivityModel.swift; sourceTree = "<group>"; };
		8F52A550205911E600FDF76D /* EmergencyNumberModel.swift */ = {isa = PBXFileReference; fileEncoding = 4; lastKnownFileType = sourcecode.swift; path = EmergencyNumberModel.swift; sourceTree = "<group>"; };
		8F52A5532059120F00FDF76D /* DrugIntakeModel.swift */ = {isa = PBXFileReference; fileEncoding = 4; lastKnownFileType = sourcecode.swift; path = DrugIntakeModel.swift; sourceTree = "<group>"; };
		8F54C75A2056D4DC007F17AE /* StateTableViewCell.swift */ = {isa = PBXFileReference; fileEncoding = 4; lastKnownFileType = sourcecode.swift; name = StateTableViewCell.swift; path = Controler/StateTableViewCell.swift; sourceTree = "<group>"; };
		8F7DB1562050556B007B62FA /* ListStateModel.swift */ = {isa = PBXFileReference; fileEncoding = 4; lastKnownFileType = sourcecode.swift; path = ListStateModel.swift; sourceTree = "<group>"; };
		8F7DB15F2050580D007B62FA /* ListEmergencyNumberModel.swift */ = {isa = PBXFileReference; fileEncoding = 4; lastKnownFileType = sourcecode.swift; path = ListEmergencyNumberModel.swift; sourceTree = "<group>"; };
		8F7DB16520505870007B62FA /* ListDrugIntakeModel.swift */ = {isa = PBXFileReference; fileEncoding = 4; lastKnownFileType = sourcecode.swift; path = ListDrugIntakeModel.swift; sourceTree = "<group>"; };
		8F90A8BF203C5C4700B74A0A /* PKProject.app */ = {isa = PBXFileReference; explicitFileType = wrapper.application; includeInIndex = 0; path = PKProject.app; sourceTree = BUILT_PRODUCTS_DIR; };
		8F90A8C2203C5C4700B74A0A /* AppDelegate.swift */ = {isa = PBXFileReference; lastKnownFileType = sourcecode.swift; path = AppDelegate.swift; sourceTree = "<group>"; };
		8F90A8C4203C5C4700B74A0A /* ViewController.swift */ = {isa = PBXFileReference; lastKnownFileType = sourcecode.swift; path = ViewController.swift; sourceTree = "<group>"; };
		8F90A8C7203C5C4700B74A0A /* Base */ = {isa = PBXFileReference; lastKnownFileType = file.storyboard; name = Base; path = Base.lproj/Main.storyboard; sourceTree = "<group>"; };
		8F90A8CA203C5C4700B74A0A /* PKProject.xcdatamodel */ = {isa = PBXFileReference; lastKnownFileType = wrapper.xcdatamodel; path = PKProject.xcdatamodel; sourceTree = "<group>"; };
		8F90A8CC203C5C4700B74A0A /* Assets.xcassets */ = {isa = PBXFileReference; lastKnownFileType = folder.assetcatalog; path = Assets.xcassets; sourceTree = "<group>"; };
		8F90A8CF203C5C4700B74A0A /* Base */ = {isa = PBXFileReference; lastKnownFileType = file.storyboard; name = Base; path = Base.lproj/LaunchScreen.storyboard; sourceTree = "<group>"; };
		8F90A8D1203C5C4700B74A0A /* Info.plist */ = {isa = PBXFileReference; lastKnownFileType = text.plist.xml; path = Info.plist; sourceTree = "<group>"; };
		8F90A8D6203C5C4700B74A0A /* PKProjectTests.xctest */ = {isa = PBXFileReference; explicitFileType = wrapper.cfbundle; includeInIndex = 0; path = PKProjectTests.xctest; sourceTree = BUILT_PRODUCTS_DIR; };
		8F90A8DA203C5C4700B74A0A /* PKProjectTests.swift */ = {isa = PBXFileReference; lastKnownFileType = sourcecode.swift; path = PKProjectTests.swift; sourceTree = "<group>"; };
		8F90A8DC203C5C4700B74A0A /* Info.plist */ = {isa = PBXFileReference; lastKnownFileType = text.plist.xml; path = Info.plist; sourceTree = "<group>"; };
		8F90A8E1203C5C4700B74A0A /* PKProjectUITests.xctest */ = {isa = PBXFileReference; explicitFileType = wrapper.cfbundle; includeInIndex = 0; path = PKProjectUITests.xctest; sourceTree = BUILT_PRODUCTS_DIR; };
		8F90A8E5203C5C4700B74A0A /* PKProjectUITests.swift */ = {isa = PBXFileReference; lastKnownFileType = sourcecode.swift; path = PKProjectUITests.swift; sourceTree = "<group>"; };
		8F90A8E7203C5C4700B74A0A /* Info.plist */ = {isa = PBXFileReference; lastKnownFileType = text.plist.xml; path = Info.plist; sourceTree = "<group>"; };
		8F90A8FA203C69C100B74A0A /* InformationsViewController.swift */ = {isa = PBXFileReference; fileEncoding = 4; lastKnownFileType = sourcecode.swift; name = InformationsViewController.swift; path = Controler/InformationsViewController.swift; sourceTree = "<group>"; };
		8F90A8FD203C74C100B74A0A /* MedecinsViewController.swift */ = {isa = PBXFileReference; fileEncoding = 4; lastKnownFileType = sourcecode.swift; name = MedecinsViewController.swift; path = Controler/MedecinsViewController.swift; sourceTree = "<group>"; };
		8F90A900203C74ED00B74A0A /* EditMedecinsViewController.swift */ = {isa = PBXFileReference; fileEncoding = 4; lastKnownFileType = sourcecode.swift; name = EditMedecinsViewController.swift; path = Controler/EditMedecinsViewController.swift; sourceTree = "<group>"; };
		8F90A903203C754A00B74A0A /* AddMedecinViewController.swift */ = {isa = PBXFileReference; fileEncoding = 4; lastKnownFileType = sourcecode.swift; name = AddMedecinViewController.swift; path = Controler/AddMedecinViewController.swift; sourceTree = "<group>"; };
		8F90A906203C814400B74A0A /* EmergencyNumbersViewController.swift */ = {isa = PBXFileReference; fileEncoding = 4; lastKnownFileType = sourcecode.swift; name = EmergencyNumbersViewController.swift; path = Controler/EmergencyNumbersViewController.swift; sourceTree = "<group>"; };
		8F90A909203C838400B74A0A /* AddEmergencyNumberViewController.swift */ = {isa = PBXFileReference; fileEncoding = 4; lastKnownFileType = sourcecode.swift; name = AddEmergencyNumberViewController.swift; path = Controler/AddEmergencyNumberViewController.swift; sourceTree = "<group>"; };
		8F90A90C203C840A00B74A0A /* EditEmergencyNumberViewController.swift */ = {isa = PBXFileReference; fileEncoding = 4; lastKnownFileType = sourcecode.swift; name = EditEmergencyNumberViewController.swift; path = Controler/EditEmergencyNumberViewController.swift; sourceTree = "<group>"; };
		8FC41A98205421DC00C3CC4F /* ListDosesModel.swift */ = {isa = PBXFileReference; fileEncoding = 4; lastKnownFileType = sourcecode.swift; path = ListDosesModel.swift; sourceTree = "<group>"; };
		8FC480462040111400B9FD29 /* MedInfosViewController.swift */ = {isa = PBXFileReference; fileEncoding = 4; lastKnownFileType = sourcecode.swift; name = MedInfosViewController.swift; path = Controler/MedInfosViewController.swift; sourceTree = "<group>"; };
		8FC480492040121700B9FD29 /* EtatViewController.swift */ = {isa = PBXFileReference; fileEncoding = 4; lastKnownFileType = sourcecode.swift; name = EtatViewController.swift; path = Controler/EtatViewController.swift; sourceTree = "<group>"; };
		8FC4804C204014C600B9FD29 /* EventViewController.swift */ = {isa = PBXFileReference; fileEncoding = 4; lastKnownFileType = sourcecode.swift; name = EventViewController.swift; path = Controler/EventViewController.swift; sourceTree = "<group>"; };
		8FC4804F2040185300B9FD29 /* PillsViewController.swift */ = {isa = PBXFileReference; fileEncoding = 4; lastKnownFileType = sourcecode.swift; name = PillsViewController.swift; path = Controler/PillsViewController.swift; sourceTree = "<group>"; };
		8FC48052204019D700B9FD29 /* EditPillsViewController.swift */ = {isa = PBXFileReference; fileEncoding = 4; lastKnownFileType = sourcecode.swift; name = EditPillsViewController.swift; path = Controler/EditPillsViewController.swift; sourceTree = "<group>"; };
		8FC4805520401BEF00B9FD29 /* EditMedPillsViewController.swift */ = {isa = PBXFileReference; fileEncoding = 4; lastKnownFileType = sourcecode.swift; name = EditMedPillsViewController.swift; path = Controler/EditMedPillsViewController.swift; sourceTree = "<group>"; };
		8FC4805820401FD300B9FD29 /* AddPillsViewController.swift */ = {isa = PBXFileReference; fileEncoding = 4; lastKnownFileType = sourcecode.swift; name = AddPillsViewController.swift; path = Controler/AddPillsViewController.swift; sourceTree = "<group>"; };
		8FC4805E204022FC00B9FD29 /* RDVMedViewController.swift */ = {isa = PBXFileReference; fileEncoding = 4; lastKnownFileType = sourcecode.swift; name = RDVMedViewController.swift; path = Controler/RDVMedViewController.swift; sourceTree = "<group>"; };
		8FC480612040232500B9FD29 /* AddRDVMedViewController.swift */ = {isa = PBXFileReference; fileEncoding = 4; lastKnownFileType = sourcecode.swift; name = AddRDVMedViewController.swift; path = Controler/AddRDVMedViewController.swift; sourceTree = "<group>"; };
		8FC480642040253500B9FD29 /* EditRDVMedViewController.swift */ = {isa = PBXFileReference; fileEncoding = 4; lastKnownFileType = sourcecode.swift; name = EditRDVMedViewController.swift; path = Controler/EditRDVMedViewController.swift; sourceTree = "<group>"; };
		8FDA57A42059338400A29B77 /* CoreDataManager.swift */ = {isa = PBXFileReference; fileEncoding = 4; lastKnownFileType = sourcecode.swift; path = CoreDataManager.swift; sourceTree = "<group>"; };
		8FDA57A6205933BF00A29B77 /* StateDAO.swift */ = {isa = PBXFileReference; fileEncoding = 4; lastKnownFileType = sourcecode.swift; path = StateDAO.swift; sourceTree = "<group>"; };
		8FDA57A8205937B800A29B77 /* EventDAO.swift */ = {isa = PBXFileReference; fileEncoding = 4; lastKnownFileType = sourcecode.swift; path = EventDAO.swift; sourceTree = "<group>"; };
		8FDA57AA2059387200A29B77 /* DosesDAO.swift */ = {isa = PBXFileReference; fileEncoding = 4; lastKnownFileType = sourcecode.swift; path = DosesDAO.swift; sourceTree = "<group>"; };
		8FDA57AC20593AC900A29B77 /* PeriodicityModel.swift */ = {isa = PBXFileReference; fileEncoding = 4; lastKnownFileType = sourcecode.swift; path = PeriodicityModel.swift; sourceTree = "<group>"; };
		8FDA57AE20593B2400A29B77 /* PeriodicityDAO.swift */ = {isa = PBXFileReference; fileEncoding = 4; lastKnownFileType = sourcecode.swift; path = PeriodicityDAO.swift; sourceTree = "<group>"; };
		8FDA57B020593BAD00A29B77 /* ActivityDAO.swift */ = {isa = PBXFileReference; fileEncoding = 4; lastKnownFileType = sourcecode.swift; path = ActivityDAO.swift; sourceTree = "<group>"; };
/* End PBXFileReference section */

/* Begin PBXFrameworksBuildPhase section */
		8F90A8BC203C5C4700B74A0A /* Frameworks */ = {
			isa = PBXFrameworksBuildPhase;
			buildActionMask = 2147483647;
			files = (
			);
			runOnlyForDeploymentPostprocessing = 0;
		};
		8F90A8D3203C5C4700B74A0A /* Frameworks */ = {
			isa = PBXFrameworksBuildPhase;
			buildActionMask = 2147483647;
			files = (
			);
			runOnlyForDeploymentPostprocessing = 0;
		};
		8F90A8DE203C5C4700B74A0A /* Frameworks */ = {
			isa = PBXFrameworksBuildPhase;
			buildActionMask = 2147483647;
			files = (
			);
			runOnlyForDeploymentPostprocessing = 0;
		};
/* End PBXFrameworksBuildPhase section */

/* Begin PBXGroup section */
		8F54C7592056D294007F17AE /* Helpers */ = {
			isa = PBXGroup;
			children = (
			);
			name = Helpers;
			sourceTree = "<group>";
		};
		8F90A8B6203C5C4700B74A0A = {
			isa = PBXGroup;
			children = (
				8F90A8C1203C5C4700B74A0A /* PKProject */,
				8F90A8D9203C5C4700B74A0A /* PKProjectTests */,
				8F90A8E4203C5C4700B74A0A /* PKProjectUITests */,
				8F90A8C0203C5C4700B74A0A /* Products */,
			);
			sourceTree = "<group>";
		};
		8F90A8C0203C5C4700B74A0A /* Products */ = {
			isa = PBXGroup;
			children = (
				8F90A8BF203C5C4700B74A0A /* PKProject.app */,
				8F90A8D6203C5C4700B74A0A /* PKProjectTests.xctest */,
				8F90A8E1203C5C4700B74A0A /* PKProjectUITests.xctest */,
			);
			name = Products;
			sourceTree = "<group>";
		};
		8F90A8C1203C5C4700B74A0A /* PKProject */ = {
			isa = PBXGroup;
			children = (
				8F54C7592056D294007F17AE /* Helpers */,
				8F90A8F5203C5E0F00B74A0A /* Views */,
				8F90A8F4203C5E0900B74A0A /* Models */,
				8F90A8F3203C5DF900B74A0A /* Controlers */,
				8F90A8C2203C5C4700B74A0A /* AppDelegate.swift */,
				8F90A8C6203C5C4700B74A0A /* Main.storyboard */,
				8F90A8CC203C5C4700B74A0A /* Assets.xcassets */,
				8F90A8CE203C5C4700B74A0A /* LaunchScreen.storyboard */,
				8F90A8D1203C5C4700B74A0A /* Info.plist */,
			);
			path = PKProject;
			sourceTree = "<group>";
		};
		8F90A8D9203C5C4700B74A0A /* PKProjectTests */ = {
			isa = PBXGroup;
			children = (
				8F90A8DA203C5C4700B74A0A /* PKProjectTests.swift */,
				8F90A8DC203C5C4700B74A0A /* Info.plist */,
			);
			path = PKProjectTests;
			sourceTree = "<group>";
		};
		8F90A8E4203C5C4700B74A0A /* PKProjectUITests */ = {
			isa = PBXGroup;
			children = (
				8F90A8E5203C5C4700B74A0A /* PKProjectUITests.swift */,
				8F90A8E7203C5C4700B74A0A /* Info.plist */,
			);
			path = PKProjectUITests;
			sourceTree = "<group>";
		};
		8F90A8F3203C5DF900B74A0A /* Controlers */ = {
			isa = PBXGroup;
			children = (
				8F90A8C4203C5C4700B74A0A /* ViewController.swift */,
				8F90A909203C838400B74A0A /* AddEmergencyNumberViewController.swift */,
				8F90A906203C814400B74A0A /* EmergencyNumbersViewController.swift */,
				8F90A8FD203C74C100B74A0A /* MedecinsViewController.swift */,
				8F90A900203C74ED00B74A0A /* EditMedecinsViewController.swift */,
				8F90A8FA203C69C100B74A0A /* InformationsViewController.swift */,
				8F90A90C203C840A00B74A0A /* EditEmergencyNumberViewController.swift */,
				8F90A903203C754A00B74A0A /* AddMedecinViewController.swift */,
				8FC480462040111400B9FD29 /* MedInfosViewController.swift */,
				8FC480492040121700B9FD29 /* EtatViewController.swift */,
				8FC4804C204014C600B9FD29 /* EventViewController.swift */,
				8FC4804F2040185300B9FD29 /* PillsViewController.swift */,
				8FC48052204019D700B9FD29 /* EditPillsViewController.swift */,
				8FC4805520401BEF00B9FD29 /* EditMedPillsViewController.swift */,
				8FC4805820401FD300B9FD29 /* AddPillsViewController.swift */,
				8FC4805E204022FC00B9FD29 /* RDVMedViewController.swift */,
				8FC480612040232500B9FD29 /* AddRDVMedViewController.swift */,
				8FC480642040253500B9FD29 /* EditRDVMedViewController.swift */,
				8F385E6F20468C3300F29058 /* EditPriseViewController.swift */,
				8F385E7220468F6A00F29058 /* DiaryViewController.swift */,
				8F385E752046910100F29058 /* MedecinMenuViewController.swift */,
				8F385E782046926100F29058 /* RecapPatientViewController.swift */,
				8F385E7B2046932500F29058 /* ParameterMedecinViewController.swift */,
				8F385E7E2046956B00F29058 /* SportViewController.swift */,
				8F385E81204695DB00F29058 /* EditSportViewController.swift */,
				8F385E84204695E700F29058 /* AddSportViewController.swift */,
				8F385E872046995900F29058 /* AddMedViewController.swift */,
				8F54C75A2056D4DC007F17AE /* StateTableViewCell.swift */,
			);
			name = Controlers;
			sourceTree = "<group>";
		};
		8F90A8F4203C5E0900B74A0A /* Models */ = {
			isa = PBXGroup;
			children = (
				24D457FB204D958300E27BC5 /* EventModel.swift */,
				24D457FE204D959900E27BC5 /* ListEventModel.swift */,
				8F52A54420590CD600FDF76D /* DoctorModel.swift */,
				24D45804204DA7A700E27BC5 /* ListDoctorModel.swift */,
				24D45807204DAA9D00E27BC5 /* DosesModel.swift */,
				8FC41A98205421DC00C3CC4F /* ListDosesModel.swift */,
				8F52A5472059117100FDF76D /* MedModel.swift */,
				24D4580D204DB02200E27BC5 /* ListMedModel.swift */,
				8F52A54A2059119E00FDF76D /* RDVModel.swift */,
				24D45816204DB4DE00E27BC5 /* ListRDVModel.swift */,
				8FDA57B020593BAD00A29B77 /* ActivityDAO.swift */,
				8F52A54D205911C300FDF76D /* ActivityModel.swift */,
				24D4581C204DB9C400E27BC5 /* ListActivityModel.swift */,
				8F7DB1562050556B007B62FA /* ListStateModel.swift */,
				8F52A550205911E600FDF76D /* EmergencyNumberModel.swift */,
				8F7DB15F2050580D007B62FA /* ListEmergencyNumberModel.swift */,
				8F52A5532059120F00FDF76D /* DrugIntakeModel.swift */,
				8F7DB16520505870007B62FA /* ListDrugIntakeModel.swift */,
				8F52A54120590C6800FDF76D /* StateModel.swift */,
				8FDA57A42059338400A29B77 /* CoreDataManager.swift */,
				8FDA57A6205933BF00A29B77 /* StateDAO.swift */,
				8F90A8C9203C5C4700B74A0A /* PKProject.xcdatamodeld */,
				8FDA57A8205937B800A29B77 /* EventDAO.swift */,
				8FDA57AA2059387200A29B77 /* DosesDAO.swift */,
				8FDA57AC20593AC900A29B77 /* PeriodicityModel.swift */,
				8FDA57AE20593B2400A29B77 /* PeriodicityDAO.swift */,
			);
			name = Models;
			sourceTree = "<group>";
		};
		8F90A8F5203C5E0F00B74A0A /* Views */ = {
			isa = PBXGroup;
			children = (
			);
			name = Views;
			sourceTree = "<group>";
		};
/* End PBXGroup section */

/* Begin PBXNativeTarget section */
		8F90A8BE203C5C4700B74A0A /* PKProject */ = {
			isa = PBXNativeTarget;
			buildConfigurationList = 8F90A8EA203C5C4700B74A0A /* Build configuration list for PBXNativeTarget "PKProject" */;
			buildPhases = (
				8F90A8BB203C5C4700B74A0A /* Sources */,
				8F90A8BC203C5C4700B74A0A /* Frameworks */,
				8F90A8BD203C5C4700B74A0A /* Resources */,
			);
			buildRules = (
			);
			dependencies = (
			);
			name = PKProject;
			productName = PKProject;
			productReference = 8F90A8BF203C5C4700B74A0A /* PKProject.app */;
			productType = "com.apple.product-type.application";
		};
		8F90A8D5203C5C4700B74A0A /* PKProjectTests */ = {
			isa = PBXNativeTarget;
			buildConfigurationList = 8F90A8ED203C5C4700B74A0A /* Build configuration list for PBXNativeTarget "PKProjectTests" */;
			buildPhases = (
				8F90A8D2203C5C4700B74A0A /* Sources */,
				8F90A8D3203C5C4700B74A0A /* Frameworks */,
				8F90A8D4203C5C4700B74A0A /* Resources */,
			);
			buildRules = (
			);
			dependencies = (
				8F90A8D8203C5C4700B74A0A /* PBXTargetDependency */,
			);
			name = PKProjectTests;
			productName = PKProjectTests;
			productReference = 8F90A8D6203C5C4700B74A0A /* PKProjectTests.xctest */;
			productType = "com.apple.product-type.bundle.unit-test";
		};
		8F90A8E0203C5C4700B74A0A /* PKProjectUITests */ = {
			isa = PBXNativeTarget;
			buildConfigurationList = 8F90A8F0203C5C4700B74A0A /* Build configuration list for PBXNativeTarget "PKProjectUITests" */;
			buildPhases = (
				8F90A8DD203C5C4700B74A0A /* Sources */,
				8F90A8DE203C5C4700B74A0A /* Frameworks */,
				8F90A8DF203C5C4700B74A0A /* Resources */,
			);
			buildRules = (
			);
			dependencies = (
				8F90A8E3203C5C4700B74A0A /* PBXTargetDependency */,
			);
			name = PKProjectUITests;
			productName = PKProjectUITests;
			productReference = 8F90A8E1203C5C4700B74A0A /* PKProjectUITests.xctest */;
			productType = "com.apple.product-type.bundle.ui-testing";
		};
/* End PBXNativeTarget section */

/* Begin PBXProject section */
		8F90A8B7203C5C4700B74A0A /* Project object */ = {
			isa = PBXProject;
			attributes = {
				LastSwiftUpdateCheck = 0830;
				LastUpgradeCheck = 0830;
				ORGANIZATIONNAME = "Mahe SPAENLE Chloé DALGER";
				TargetAttributes = {
					8F90A8BE203C5C4700B74A0A = {
						CreatedOnToolsVersion = 8.3.3;
						ProvisioningStyle = Automatic;
					};
					8F90A8D5203C5C4700B74A0A = {
						CreatedOnToolsVersion = 8.3.3;
						ProvisioningStyle = Automatic;
						TestTargetID = 8F90A8BE203C5C4700B74A0A;
					};
					8F90A8E0203C5C4700B74A0A = {
						CreatedOnToolsVersion = 8.3.3;
						ProvisioningStyle = Automatic;
						TestTargetID = 8F90A8BE203C5C4700B74A0A;
					};
				};
			};
			buildConfigurationList = 8F90A8BA203C5C4700B74A0A /* Build configuration list for PBXProject "PKProject" */;
			compatibilityVersion = "Xcode 3.2";
			developmentRegion = English;
			hasScannedForEncodings = 0;
			knownRegions = (
				en,
				Base,
			);
			mainGroup = 8F90A8B6203C5C4700B74A0A;
			productRefGroup = 8F90A8C0203C5C4700B74A0A /* Products */;
			projectDirPath = "";
			projectRoot = "";
			targets = (
				8F90A8BE203C5C4700B74A0A /* PKProject */,
				8F90A8D5203C5C4700B74A0A /* PKProjectTests */,
				8F90A8E0203C5C4700B74A0A /* PKProjectUITests */,
			);
		};
/* End PBXProject section */

/* Begin PBXResourcesBuildPhase section */
		8F90A8BD203C5C4700B74A0A /* Resources */ = {
			isa = PBXResourcesBuildPhase;
			buildActionMask = 2147483647;
			files = (
				8F90A8D0203C5C4700B74A0A /* LaunchScreen.storyboard in Resources */,
				8F90A8CD203C5C4700B74A0A /* Assets.xcassets in Resources */,
				8F90A8C8203C5C4700B74A0A /* Main.storyboard in Resources */,
			);
			runOnlyForDeploymentPostprocessing = 0;
		};
		8F90A8D4203C5C4700B74A0A /* Resources */ = {
			isa = PBXResourcesBuildPhase;
			buildActionMask = 2147483647;
			files = (
				8F90A8F9203C5ECF00B74A0A /* Main.storyboard in Resources */,
			);
			runOnlyForDeploymentPostprocessing = 0;
		};
		8F90A8DF203C5C4700B74A0A /* Resources */ = {
			isa = PBXResourcesBuildPhase;
			buildActionMask = 2147483647;
			files = (
			);
			runOnlyForDeploymentPostprocessing = 0;
		};
/* End PBXResourcesBuildPhase section */

/* Begin PBXSourcesBuildPhase section */
		8F90A8BB203C5C4700B74A0A /* Sources */ = {
			isa = PBXSourcesBuildPhase;
			buildActionMask = 2147483647;
			files = (
				8F90A904203C754A00B74A0A /* AddMedecinViewController.swift in Sources */,
				8FC4805920401FD300B9FD29 /* AddPillsViewController.swift in Sources */,
				24D45817204DB4DE00E27BC5 /* ListRDVModel.swift in Sources */,
				8F90A90D203C840A00B74A0A /* EditEmergencyNumberViewController.swift in Sources */,
				8F385E82204695DB00F29058 /* EditSportViewController.swift in Sources */,
				8F52A5482059117100FDF76D /* MedModel.swift in Sources */,
				8F52A551205911E600FDF76D /* EmergencyNumberModel.swift in Sources */,
				8FC4804D204014C600B9FD29 /* EventViewController.swift in Sources */,
				8F385E762046910100F29058 /* MedecinMenuViewController.swift in Sources */,
				8F385E882046995900F29058 /* AddMedViewController.swift in Sources */,
				8F7DB1602050580D007B62FA /* ListEmergencyNumberModel.swift in Sources */,
				8F90A907203C814400B74A0A /* EmergencyNumbersViewController.swift in Sources */,
				8FC4805620401BEF00B9FD29 /* EditMedPillsViewController.swift in Sources */,
				8F385E7020468C3300F29058 /* EditPriseViewController.swift in Sources */,
				8F90A901203C74ED00B74A0A /* EditMedecinsViewController.swift in Sources */,
				8FC480502040185300B9FD29 /* PillsViewController.swift in Sources */,
				8FC480652040253500B9FD29 /* EditRDVMedViewController.swift in Sources */,
				8F7DB16620505870007B62FA /* ListDrugIntakeModel.swift in Sources */,
				8FC4805F204022FC00B9FD29 /* RDVMedViewController.swift in Sources */,
				8FDA57A52059338400A29B77 /* CoreDataManager.swift in Sources */,
				8FDA57B120593BAD00A29B77 /* ActivityDAO.swift in Sources */,
				8F90A8C5203C5C4700B74A0A /* ViewController.swift in Sources */,
				24D457FF204D959900E27BC5 /* ListEventModel.swift in Sources */,
				8FC480472040111400B9FD29 /* MedInfosViewController.swift in Sources */,
				8FC41A99205421DC00C3CC4F /* ListDosesModel.swift in Sources */,
				8F385E85204695E700F29058 /* AddSportViewController.swift in Sources */,
				8F52A54520590CD600FDF76D /* DoctorModel.swift in Sources */,
				8F90A8CB203C5C4700B74A0A /* PKProject.xcdatamodeld in Sources */,
				8F385E7C2046932500F29058 /* ParameterMedecinViewController.swift in Sources */,
				24D457FC204D958300E27BC5 /* EventModel.swift in Sources */,
				8FDA57A9205937B800A29B77 /* EventDAO.swift in Sources */,
				8FDA57AD20593AC900A29B77 /* PeriodicityModel.swift in Sources */,
				8F385E7320468F6A00F29058 /* DiaryViewController.swift in Sources */,
				8F90A8C3203C5C4700B74A0A /* AppDelegate.swift in Sources */,
				8FC4804A2040121700B9FD29 /* EtatViewController.swift in Sources */,
				8F90A8FE203C74C100B74A0A /* MedecinsViewController.swift in Sources */,
				24D45808204DAA9D00E27BC5 /* DosesModel.swift in Sources */,
				24D4580E204DB02200E27BC5 /* ListMedModel.swift in Sources */,
				8FC480622040232500B9FD29 /* AddRDVMedViewController.swift in Sources */,
				8FDA57AF20593B2400A29B77 /* PeriodicityDAO.swift in Sources */,
				8FDA57A7205933BF00A29B77 /* StateDAO.swift in Sources */,
				8F385E792046926100F29058 /* RecapPatientViewController.swift in Sources */,
				8F52A54220590C6800FDF76D /* StateModel.swift in Sources */,
				8F90A90A203C838400B74A0A /* AddEmergencyNumberViewController.swift in Sources */,
				8F52A5542059120F00FDF76D /* DrugIntakeModel.swift in Sources */,
				8F54C75B2056D4DC007F17AE /* StateTableViewCell.swift in Sources */,
				8FDA57AB2059387200A29B77 /* DosesDAO.swift in Sources */,
				8F52A54E205911C300FDF76D /* ActivityModel.swift in Sources */,
				8F90A8FB203C69C100B74A0A /* InformationsViewController.swift in Sources */,
				24D4581D204DB9C400E27BC5 /* ListActivityModel.swift in Sources */,
				8F7DB1572050556B007B62FA /* ListStateModel.swift in Sources */,
				8FC48053204019D700B9FD29 /* EditPillsViewController.swift in Sources */,
				8F385E7F2046956B00F29058 /* SportViewController.swift in Sources */,
				24D45805204DA7A700E27BC5 /* ListDoctorModel.swift in Sources */,
				8F52A54B2059119E00FDF76D /* RDVModel.swift in Sources */,
			);
			runOnlyForDeploymentPostprocessing = 0;
		};
		8F90A8D2203C5C4700B74A0A /* Sources */ = {
			isa = PBXSourcesBuildPhase;
			buildActionMask = 2147483647;
			files = (
				8F90A8DB203C5C4700B74A0A /* PKProjectTests.swift in Sources */,
			);
			runOnlyForDeploymentPostprocessing = 0;
		};
		8F90A8DD203C5C4700B74A0A /* Sources */ = {
			isa = PBXSourcesBuildPhase;
			buildActionMask = 2147483647;
			files = (
				8F90A8E6203C5C4700B74A0A /* PKProjectUITests.swift in Sources */,
			);
			runOnlyForDeploymentPostprocessing = 0;
		};
/* End PBXSourcesBuildPhase section */

/* Begin PBXTargetDependency section */
		8F90A8D8203C5C4700B74A0A /* PBXTargetDependency */ = {
			isa = PBXTargetDependency;
			target = 8F90A8BE203C5C4700B74A0A /* PKProject */;
			targetProxy = 8F90A8D7203C5C4700B74A0A /* PBXContainerItemProxy */;
		};
		8F90A8E3203C5C4700B74A0A /* PBXTargetDependency */ = {
			isa = PBXTargetDependency;
			target = 8F90A8BE203C5C4700B74A0A /* PKProject */;
			targetProxy = 8F90A8E2203C5C4700B74A0A /* PBXContainerItemProxy */;
		};
/* End PBXTargetDependency section */

/* Begin PBXVariantGroup section */
		8F90A8C6203C5C4700B74A0A /* Main.storyboard */ = {
			isa = PBXVariantGroup;
			children = (
				8F90A8C7203C5C4700B74A0A /* Base */,
			);
			name = Main.storyboard;
			sourceTree = "<group>";
		};
		8F90A8CE203C5C4700B74A0A /* LaunchScreen.storyboard */ = {
			isa = PBXVariantGroup;
			children = (
				8F90A8CF203C5C4700B74A0A /* Base */,
			);
			name = LaunchScreen.storyboard;
			sourceTree = "<group>";
		};
/* End PBXVariantGroup section */

/* Begin XCBuildConfiguration section */
		8F90A8E8203C5C4700B74A0A /* Debug */ = {
			isa = XCBuildConfiguration;
			buildSettings = {
				ALWAYS_SEARCH_USER_PATHS = NO;
				CLANG_ANALYZER_NONNULL = YES;
				CLANG_ANALYZER_NUMBER_OBJECT_CONVERSION = YES_AGGRESSIVE;
				CLANG_CXX_LANGUAGE_STANDARD = "gnu++0x";
				CLANG_CXX_LIBRARY = "libc++";
				CLANG_ENABLE_MODULES = YES;
				CLANG_ENABLE_OBJC_ARC = YES;
				CLANG_WARN_BOOL_CONVERSION = YES;
				CLANG_WARN_CONSTANT_CONVERSION = YES;
				CLANG_WARN_DIRECT_OBJC_ISA_USAGE = YES_ERROR;
				CLANG_WARN_DOCUMENTATION_COMMENTS = YES;
				CLANG_WARN_EMPTY_BODY = YES;
				CLANG_WARN_ENUM_CONVERSION = YES;
				CLANG_WARN_INFINITE_RECURSION = YES;
				CLANG_WARN_INT_CONVERSION = YES;
				CLANG_WARN_OBJC_ROOT_CLASS = YES_ERROR;
				CLANG_WARN_SUSPICIOUS_MOVE = YES;
				CLANG_WARN_UNREACHABLE_CODE = YES;
				CLANG_WARN__DUPLICATE_METHOD_MATCH = YES;
				"CODE_SIGN_IDENTITY[sdk=iphoneos*]" = "iPhone Developer";
				COPY_PHASE_STRIP = NO;
				DEBUG_INFORMATION_FORMAT = dwarf;
				ENABLE_STRICT_OBJC_MSGSEND = YES;
				ENABLE_TESTABILITY = YES;
				GCC_C_LANGUAGE_STANDARD = gnu99;
				GCC_DYNAMIC_NO_PIC = NO;
				GCC_NO_COMMON_BLOCKS = YES;
				GCC_OPTIMIZATION_LEVEL = 0;
				GCC_PREPROCESSOR_DEFINITIONS = (
					"DEBUG=1",
					"$(inherited)",
				);
				GCC_WARN_64_TO_32_BIT_CONVERSION = YES;
				GCC_WARN_ABOUT_RETURN_TYPE = YES_ERROR;
				GCC_WARN_UNDECLARED_SELECTOR = YES;
				GCC_WARN_UNINITIALIZED_AUTOS = YES_AGGRESSIVE;
				GCC_WARN_UNUSED_FUNCTION = YES;
				GCC_WARN_UNUSED_VARIABLE = YES;
				IPHONEOS_DEPLOYMENT_TARGET = 10.3;
				MTL_ENABLE_DEBUG_INFO = YES;
				ONLY_ACTIVE_ARCH = YES;
				SDKROOT = iphoneos;
				SWIFT_ACTIVE_COMPILATION_CONDITIONS = DEBUG;
				SWIFT_OPTIMIZATION_LEVEL = "-Onone";
				TARGETED_DEVICE_FAMILY = "1,2";
			};
			name = Debug;
		};
		8F90A8E9203C5C4700B74A0A /* Release */ = {
			isa = XCBuildConfiguration;
			buildSettings = {
				ALWAYS_SEARCH_USER_PATHS = NO;
				CLANG_ANALYZER_NONNULL = YES;
				CLANG_ANALYZER_NUMBER_OBJECT_CONVERSION = YES_AGGRESSIVE;
				CLANG_CXX_LANGUAGE_STANDARD = "gnu++0x";
				CLANG_CXX_LIBRARY = "libc++";
				CLANG_ENABLE_MODULES = YES;
				CLANG_ENABLE_OBJC_ARC = YES;
				CLANG_WARN_BOOL_CONVERSION = YES;
				CLANG_WARN_CONSTANT_CONVERSION = YES;
				CLANG_WARN_DIRECT_OBJC_ISA_USAGE = YES_ERROR;
				CLANG_WARN_DOCUMENTATION_COMMENTS = YES;
				CLANG_WARN_EMPTY_BODY = YES;
				CLANG_WARN_ENUM_CONVERSION = YES;
				CLANG_WARN_INFINITE_RECURSION = YES;
				CLANG_WARN_INT_CONVERSION = YES;
				CLANG_WARN_OBJC_ROOT_CLASS = YES_ERROR;
				CLANG_WARN_SUSPICIOUS_MOVE = YES;
				CLANG_WARN_UNREACHABLE_CODE = YES;
				CLANG_WARN__DUPLICATE_METHOD_MATCH = YES;
				"CODE_SIGN_IDENTITY[sdk=iphoneos*]" = "iPhone Developer";
				COPY_PHASE_STRIP = NO;
				DEBUG_INFORMATION_FORMAT = "dwarf-with-dsym";
				ENABLE_NS_ASSERTIONS = NO;
				ENABLE_STRICT_OBJC_MSGSEND = YES;
				GCC_C_LANGUAGE_STANDARD = gnu99;
				GCC_NO_COMMON_BLOCKS = YES;
				GCC_WARN_64_TO_32_BIT_CONVERSION = YES;
				GCC_WARN_ABOUT_RETURN_TYPE = YES_ERROR;
				GCC_WARN_UNDECLARED_SELECTOR = YES;
				GCC_WARN_UNINITIALIZED_AUTOS = YES_AGGRESSIVE;
				GCC_WARN_UNUSED_FUNCTION = YES;
				GCC_WARN_UNUSED_VARIABLE = YES;
				IPHONEOS_DEPLOYMENT_TARGET = 10.3;
				MTL_ENABLE_DEBUG_INFO = NO;
				SDKROOT = iphoneos;
				SWIFT_OPTIMIZATION_LEVEL = "-Owholemodule";
				TARGETED_DEVICE_FAMILY = "1,2";
				VALIDATE_PRODUCT = YES;
			};
			name = Release;
		};
		8F90A8EB203C5C4700B74A0A /* Debug */ = {
			isa = XCBuildConfiguration;
			buildSettings = {
				ASSETCATALOG_COMPILER_APPICON_NAME = AppIcon;
				INFOPLIST_FILE = PKProject/Info.plist;
				LD_RUNPATH_SEARCH_PATHS = "$(inherited) @executable_path/Frameworks";
				PRODUCT_BUNDLE_IDENTIFIER = polytechmontpellier.PKProject;
				PRODUCT_NAME = "$(TARGET_NAME)";
				SWIFT_VERSION = 3.0;
			};
			name = Debug;
		};
		8F90A8EC203C5C4700B74A0A /* Release */ = {
			isa = XCBuildConfiguration;
			buildSettings = {
				ASSETCATALOG_COMPILER_APPICON_NAME = AppIcon;
				INFOPLIST_FILE = PKProject/Info.plist;
				LD_RUNPATH_SEARCH_PATHS = "$(inherited) @executable_path/Frameworks";
				PRODUCT_BUNDLE_IDENTIFIER = polytechmontpellier.PKProject;
				PRODUCT_NAME = "$(TARGET_NAME)";
				SWIFT_VERSION = 3.0;
			};
			name = Release;
		};
		8F90A8EE203C5C4700B74A0A /* Debug */ = {
			isa = XCBuildConfiguration;
			buildSettings = {
				ALWAYS_EMBED_SWIFT_STANDARD_LIBRARIES = YES;
				BUNDLE_LOADER = "$(TEST_HOST)";
				INFOPLIST_FILE = PKProjectTests/Info.plist;
				LD_RUNPATH_SEARCH_PATHS = "$(inherited) @executable_path/Frameworks @loader_path/Frameworks";
				PRODUCT_BUNDLE_IDENTIFIER = polytechmontpellier.PKProjectTests;
				PRODUCT_NAME = "$(TARGET_NAME)";
				SWIFT_VERSION = 3.0;
				TEST_HOST = "$(BUILT_PRODUCTS_DIR)/PKProject.app/PKProject";
			};
			name = Debug;
		};
		8F90A8EF203C5C4700B74A0A /* Release */ = {
			isa = XCBuildConfiguration;
			buildSettings = {
				ALWAYS_EMBED_SWIFT_STANDARD_LIBRARIES = YES;
				BUNDLE_LOADER = "$(TEST_HOST)";
				INFOPLIST_FILE = PKProjectTests/Info.plist;
				LD_RUNPATH_SEARCH_PATHS = "$(inherited) @executable_path/Frameworks @loader_path/Frameworks";
				PRODUCT_BUNDLE_IDENTIFIER = polytechmontpellier.PKProjectTests;
				PRODUCT_NAME = "$(TARGET_NAME)";
				SWIFT_VERSION = 3.0;
				TEST_HOST = "$(BUILT_PRODUCTS_DIR)/PKProject.app/PKProject";
			};
			name = Release;
		};
		8F90A8F1203C5C4700B74A0A /* Debug */ = {
			isa = XCBuildConfiguration;
			buildSettings = {
				ALWAYS_EMBED_SWIFT_STANDARD_LIBRARIES = YES;
				INFOPLIST_FILE = PKProjectUITests/Info.plist;
				LD_RUNPATH_SEARCH_PATHS = "$(inherited) @executable_path/Frameworks @loader_path/Frameworks";
				PRODUCT_BUNDLE_IDENTIFIER = polytechmontpellier.PKProjectUITests;
				PRODUCT_NAME = "$(TARGET_NAME)";
				SWIFT_VERSION = 3.0;
				TEST_TARGET_NAME = PKProject;
			};
			name = Debug;
		};
		8F90A8F2203C5C4700B74A0A /* Release */ = {
			isa = XCBuildConfiguration;
			buildSettings = {
				ALWAYS_EMBED_SWIFT_STANDARD_LIBRARIES = YES;
				INFOPLIST_FILE = PKProjectUITests/Info.plist;
				LD_RUNPATH_SEARCH_PATHS = "$(inherited) @executable_path/Frameworks @loader_path/Frameworks";
				PRODUCT_BUNDLE_IDENTIFIER = polytechmontpellier.PKProjectUITests;
				PRODUCT_NAME = "$(TARGET_NAME)";
				SWIFT_VERSION = 3.0;
				TEST_TARGET_NAME = PKProject;
			};
			name = Release;
		};
/* End XCBuildConfiguration section */

/* Begin XCConfigurationList section */
		8F90A8BA203C5C4700B74A0A /* Build configuration list for PBXProject "PKProject" */ = {
			isa = XCConfigurationList;
			buildConfigurations = (
				8F90A8E8203C5C4700B74A0A /* Debug */,
				8F90A8E9203C5C4700B74A0A /* Release */,
			);
			defaultConfigurationIsVisible = 0;
			defaultConfigurationName = Release;
		};
		8F90A8EA203C5C4700B74A0A /* Build configuration list for PBXNativeTarget "PKProject" */ = {
			isa = XCConfigurationList;
			buildConfigurations = (
				8F90A8EB203C5C4700B74A0A /* Debug */,
				8F90A8EC203C5C4700B74A0A /* Release */,
			);
			defaultConfigurationIsVisible = 0;
			defaultConfigurationName = Release;
		};
		8F90A8ED203C5C4700B74A0A /* Build configuration list for PBXNativeTarget "PKProjectTests" */ = {
			isa = XCConfigurationList;
			buildConfigurations = (
				8F90A8EE203C5C4700B74A0A /* Debug */,
				8F90A8EF203C5C4700B74A0A /* Release */,
			);
			defaultConfigurationIsVisible = 0;
			defaultConfigurationName = Release;
		};
		8F90A8F0203C5C4700B74A0A /* Build configuration list for PBXNativeTarget "PKProjectUITests" */ = {
			isa = XCConfigurationList;
			buildConfigurations = (
				8F90A8F1203C5C4700B74A0A /* Debug */,
				8F90A8F2203C5C4700B74A0A /* Release */,
			);
			defaultConfigurationIsVisible = 0;
			defaultConfigurationName = Release;
		};
/* End XCConfigurationList section */

/* Begin XCVersionGroup section */
		8F90A8C9203C5C4700B74A0A /* PKProject.xcdatamodeld */ = {
			isa = XCVersionGroup;
			children = (
				8F90A8CA203C5C4700B74A0A /* PKProject.xcdatamodel */,
			);
			currentVersion = 8F90A8CA203C5C4700B74A0A /* PKProject.xcdatamodel */;
			path = PKProject.xcdatamodeld;
			sourceTree = "<group>";
			versionGroupType = wrapper.xcdatamodel;
		};
/* End XCVersionGroup section */
	};
	rootObject = 8F90A8B7203C5C4700B74A0A /* Project object */;
}
